
Microsoft Visual Studio Solution File, Format Version 12.00
# Visual Studio Version 17
VisualStudioVersion = 17.7.34031.279
MinimumVisualStudioVersion = 10.0.40219.1
Project("{FAE04EC0-301F-11D3-BF4B-00C04F79EFBC}") = "SustitucionMOA", "SustitucionMOA\SustitucionMOA.csproj", "{B951631C-6E73-433B-B0DB-72EEB5990F7F}"
	ProjectSection(ProjectDependencies) = postProject
		{CB32F9E6-ED7B-4623-B624-0EA3717D06C2} = {CB32F9E6-ED7B-4623-B624-0EA3717D06C2}
		{CDE9AB52-949B-428E-A737-5910D05116D8} = {CDE9AB52-949B-428E-A737-5910D05116D8}
		{DA0A7852-EA57-4359-BA7C-B8BABDEDBD42} = {DA0A7852-EA57-4359-BA7C-B8BABDEDBD42}
		{DA180EE1-E819-4216-B0F5-2377A22EA72A} = {DA180EE1-E819-4216-B0F5-2377A22EA72A}
		{E7212DE2-8C26-4CED-AC5C-4B5BBA3612FC} = {E7212DE2-8C26-4CED-AC5C-4B5BBA3612FC}
	EndProjectSection
EndProject
Project("{FAE04EC0-301F-11D3-BF4B-00C04F79EFBC}") = "SustitucionMOAModel", "SustitucionMOAModel\SustitucionMOAModel.csproj", "{DA0A7852-EA57-4359-BA7C-B8BABDEDBD42}"
	ProjectSection(ProjectDependencies) = postProject
		{E7212DE2-8C26-4CED-AC5C-4B5BBA3612FC} = {E7212DE2-8C26-4CED-AC5C-4B5BBA3612FC}
	EndProjectSection
EndProject
Project("{FAE04EC0-301F-11D3-BF4B-00C04F79EFBC}") = "SustitucionMOAUtils", "SustitucionMOAUtils\SustitucionMOAUtils.csproj", "{DA180EE1-E819-4216-B0F5-2377A22EA72A}"
	ProjectSection(ProjectDependencies) = postProject
		{CB32F9E6-ED7B-4623-B624-0EA3717D06C2} = {CB32F9E6-ED7B-4623-B624-0EA3717D06C2}
		{CDE9AB52-949B-428E-A737-5910D05116D8} = {CDE9AB52-949B-428E-A737-5910D05116D8}
		{DA0A7852-EA57-4359-BA7C-B8BABDEDBD42} = {DA0A7852-EA57-4359-BA7C-B8BABDEDBD42}
		{E7212DE2-8C26-4CED-AC5C-4B5BBA3612FC} = {E7212DE2-8C26-4CED-AC5C-4B5BBA3612FC}
	EndProjectSection
EndProject
Project("{FAE04EC0-301F-11D3-BF4B-00C04F79EFBC}") = "SustitucionMOAWS", "SustitucionMOAWS\SustitucionMOAWS.csproj", "{CB32F9E6-ED7B-4623-B624-0EA3717D06C2}"
	ProjectSection(ProjectDependencies) = postProject
		{CDE9AB52-949B-428E-A737-5910D05116D8} = {CDE9AB52-949B-428E-A737-5910D05116D8}
		{DA0A7852-EA57-4359-BA7C-B8BABDEDBD42} = {DA0A7852-EA57-4359-BA7C-B8BABDEDBD42}
		{E7212DE2-8C26-4CED-AC5C-4B5BBA3612FC} = {E7212DE2-8C26-4CED-AC5C-4B5BBA3612FC}
	EndProjectSection
EndProject
Project("{FAE04EC0-301F-11D3-BF4B-00C04F79EFBC}") = "SustitucionMOAFotmatter", "SustitucionMOAFotmatter\SustitucionMOAFotmatter.csproj", "{E7212DE2-8C26-4CED-AC5C-4B5BBA3612FC}"
EndProject
Project("{FAE04EC0-301F-11D3-BF4B-00C04F79EFBC}") = "SustitucionMOAAsset", "SustitucionMOAAssets\SustitucionMOAAsset.csproj", "{CDE9AB52-949B-428E-A737-5910D05116D8}"
EndProject
Project("{FAE04EC0-301F-11D3-BF4B-00C04F79EFBC}") = "SustitucionMOAValidator", "SustitucionMOAValidator\SustitucionMOAValidator.csproj", "{7FD011FD-9B76-4FA9-AD54-3EB33F2D6E0C}"
	ProjectSection(ProjectDependencies) = postProject
		{CDE9AB52-949B-428E-A737-5910D05116D8} = {CDE9AB52-949B-428E-A737-5910D05116D8}
		{DA0A7852-EA57-4359-BA7C-B8BABDEDBD42} = {DA0A7852-EA57-4359-BA7C-B8BABDEDBD42}
	EndProjectSection
EndProject
Project("{FAE04EC0-301F-11D3-BF4B-00C04F79EFBC}") = "SustitucionMOACustomException", "SustitucionMOACustomException\SustitucionMOACustomException.csproj", "{F8D4A064-E19C-4B58-B17E-F516118A6EAF}"
EndProject
Project("{FAE04EC0-301F-11D3-BF4B-00C04F79EFBC}") = "SustitucionMOACrypting", "SustitucionMOACrypting\SustitucionMOACrypting.csproj", "{B6672999-1E81-4BDE-BDA1-D825C51A5388}"
EndProject
Project("{FAE04EC0-301F-11D3-BF4B-00C04F79EFBC}") = "SustitucionMOATest", "SustitucionMOATest\SustitucionMOATest.csproj", "{10D27389-F93F-408F-A666-E25A9E49C0FC}"
EndProject
Project("{FAE04EC0-301F-11D3-BF4B-00C04F79EFBC}") = "SustitucionMOARepositorio", "SustitucionMOARepositorio\SustitucionMOARepositorio.csproj", "{17CF0FDF-2900-470D-8F5E-E64A8583B61F}"
EndProject
Project("{00D1A9C2-B5F0-4AF3-8072-F6C62B433612}") = "SustitucionMOADatabase", "SustitucionMOADatabase\SustitucionMOADatabase.sqlproj", "{47C7CB5F-0215-4129-A853-2B1B9F82D405}"
EndProject
Project("{FAE04EC0-301F-11D3-BF4B-00C04F79EFBC}") = "SustitucionMOAExternalAPI", "SustitucionMOAExternalAPI\SustitucionMOAExternalAPI.csproj", "{2DB8712D-EC58-4C1F-9329-E376FE5D8A50}"
EndProject
Global
	GlobalSection(SolutionConfigurationPlatforms) = preSolution
		Debug|Any CPU = Debug|Any CPU
		Release|Any CPU = Release|Any CPU
	EndGlobalSection
	GlobalSection(ProjectConfigurationPlatforms) = postSolution
		{B951631C-6E73-433B-B0DB-72EEB5990F7F}.Debug|Any CPU.ActiveCfg = Debug|Any CPU
		{B951631C-6E73-433B-B0DB-72EEB5990F7F}.Debug|Any CPU.Build.0 = Debug|Any CPU
		{B951631C-6E73-433B-B0DB-72EEB5990F7F}.Release|Any CPU.ActiveCfg = Release|Any CPU
		{B951631C-6E73-433B-B0DB-72EEB5990F7F}.Release|Any CPU.Build.0 = Release|Any CPU
		{DA0A7852-EA57-4359-BA7C-B8BABDEDBD42}.Debug|Any CPU.ActiveCfg = Debug|Any CPU
		{DA0A7852-EA57-4359-BA7C-B8BABDEDBD42}.Debug|Any CPU.Build.0 = Debug|Any CPU
		{DA0A7852-EA57-4359-BA7C-B8BABDEDBD42}.Release|Any CPU.ActiveCfg = Release|Any CPU
		{DA0A7852-EA57-4359-BA7C-B8BABDEDBD42}.Release|Any CPU.Build.0 = Release|Any CPU
		{DA180EE1-E819-4216-B0F5-2377A22EA72A}.Debug|Any CPU.ActiveCfg = Debug|Any CPU
		{DA180EE1-E819-4216-B0F5-2377A22EA72A}.Debug|Any CPU.Build.0 = Debug|Any CPU
		{DA180EE1-E819-4216-B0F5-2377A22EA72A}.Release|Any CPU.ActiveCfg = Release|Any CPU
		{DA180EE1-E819-4216-B0F5-2377A22EA72A}.Release|Any CPU.Build.0 = Release|Any CPU
		{CB32F9E6-ED7B-4623-B624-0EA3717D06C2}.Debug|Any CPU.ActiveCfg = Debug|Any CPU
		{CB32F9E6-ED7B-4623-B624-0EA3717D06C2}.Debug|Any CPU.Build.0 = Debug|Any CPU
		{CB32F9E6-ED7B-4623-B624-0EA3717D06C2}.Release|Any CPU.ActiveCfg = Release|Any CPU
		{CB32F9E6-ED7B-4623-B624-0EA3717D06C2}.Release|Any CPU.Build.0 = Release|Any CPU
		{E7212DE2-8C26-4CED-AC5C-4B5BBA3612FC}.Debug|Any CPU.ActiveCfg = Debug|Any CPU
		{E7212DE2-8C26-4CED-AC5C-4B5BBA3612FC}.Debug|Any CPU.Build.0 = Debug|Any CPU
		{E7212DE2-8C26-4CED-AC5C-4B5BBA3612FC}.Release|Any CPU.ActiveCfg = Release|Any CPU
		{E7212DE2-8C26-4CED-AC5C-4B5BBA3612FC}.Release|Any CPU.Build.0 = Release|Any CPU
		{CDE9AB52-949B-428E-A737-5910D05116D8}.Debug|Any CPU.ActiveCfg = Debug|Any CPU
		{CDE9AB52-949B-428E-A737-5910D05116D8}.Debug|Any CPU.Build.0 = Debug|Any CPU
		{CDE9AB52-949B-428E-A737-5910D05116D8}.Release|Any CPU.ActiveCfg = Release|Any CPU
		{CDE9AB52-949B-428E-A737-5910D05116D8}.Release|Any CPU.Build.0 = Release|Any CPU
		{7FD011FD-9B76-4FA9-AD54-3EB33F2D6E0C}.Debug|Any CPU.ActiveCfg = Debug|Any CPU
		{7FD011FD-9B76-4FA9-AD54-3EB33F2D6E0C}.Debug|Any CPU.Build.0 = Debug|Any CPU
		{7FD011FD-9B76-4FA9-AD54-3EB33F2D6E0C}.Release|Any CPU.ActiveCfg = Release|Any CPU
		{7FD011FD-9B76-4FA9-AD54-3EB33F2D6E0C}.Release|Any CPU.Build.0 = Release|Any CPU
		{F8D4A064-E19C-4B58-B17E-F516118A6EAF}.Debug|Any CPU.ActiveCfg = Debug|Any CPU
		{F8D4A064-E19C-4B58-B17E-F516118A6EAF}.Debug|Any CPU.Build.0 = Debug|Any CPU
		{F8D4A064-E19C-4B58-B17E-F516118A6EAF}.Release|Any CPU.ActiveCfg = Release|Any CPU
		{F8D4A064-E19C-4B58-B17E-F516118A6EAF}.Release|Any CPU.Build.0 = Release|Any CPU
		{B6672999-1E81-4BDE-BDA1-D825C51A5388}.Debug|Any CPU.ActiveCfg = Debug|Any CPU
		{B6672999-1E81-4BDE-BDA1-D825C51A5388}.Debug|Any CPU.Build.0 = Debug|Any CPU
		{B6672999-1E81-4BDE-BDA1-D825C51A5388}.Release|Any CPU.ActiveCfg = Release|Any CPU
		{B6672999-1E81-4BDE-BDA1-D825C51A5388}.Release|Any CPU.Build.0 = Release|Any CPU
		{10D27389-F93F-408F-A666-E25A9E49C0FC}.Debug|Any CPU.ActiveCfg = Debug|Any CPU
		{10D27389-F93F-408F-A666-E25A9E49C0FC}.Debug|Any CPU.Build.0 = Debug|Any CPU
		{10D27389-F93F-408F-A666-E25A9E49C0FC}.Release|Any CPU.ActiveCfg = Release|Any CPU
		{10D27389-F93F-408F-A666-E25A9E49C0FC}.Release|Any CPU.Build.0 = Release|Any CPU
		{17CF0FDF-2900-470D-8F5E-E64A8583B61F}.Debug|Any CPU.ActiveCfg = Debug|Any CPU
		{17CF0FDF-2900-470D-8F5E-E64A8583B61F}.Debug|Any CPU.Build.0 = Debug|Any CPU
		{17CF0FDF-2900-470D-8F5E-E64A8583B61F}.Release|Any CPU.ActiveCfg = Release|Any CPU
		{17CF0FDF-2900-470D-8F5E-E64A8583B61F}.Release|Any CPU.Build.0 = Release|Any CPU
		{47C7CB5F-0215-4129-A853-2B1B9F82D405}.Debug|Any CPU.ActiveCfg = Debug|Any CPU
		{47C7CB5F-0215-4129-A853-2B1B9F82D405}.Debug|Any CPU.Build.0 = Debug|Any CPU
		{47C7CB5F-0215-4129-A853-2B1B9F82D405}.Debug|Any CPU.Deploy.0 = Debug|Any CPU
		{47C7CB5F-0215-4129-A853-2B1B9F82D405}.Release|Any CPU.ActiveCfg = Release|Any CPU
		{47C7CB5F-0215-4129-A853-2B1B9F82D405}.Release|Any CPU.Build.0 = Release|Any CPU
		{47C7CB5F-0215-4129-A853-2B1B9F82D405}.Release|Any CPU.Deploy.0 = Release|Any CPU
		{2DB8712D-EC58-4C1F-9329-E376FE5D8A50}.Debug|Any CPU.ActiveCfg = Debug|Any CPU
		{2DB8712D-EC58-4C1F-9329-E376FE5D8A50}.Debug|Any CPU.Build.0 = Debug|Any CPU
		{2DB8712D-EC58-4C1F-9329-E376FE5D8A50}.Release|Any CPU.ActiveCfg = Release|Any CPU
		{2DB8712D-EC58-4C1F-9329-E376FE5D8A50}.Release|Any CPU.Build.0 = Release|Any CPU
	EndGlobalSection
	GlobalSection(SolutionProperties) = preSolution
		HideSolutionNode = FALSE
	EndGlobalSection
	GlobalSection(ExtensibilityGlobals) = postSolution
		SolutionGuid = {A914C43E-F7AA-4DD8-8A3A-C3E948A07D6E}
	EndGlobalSection
EndGlobal
